
Microsoft Visual Studio Solution File, Format Version 12.00
# Visual Studio Version 17
VisualStudioVersion = 17.0.31903.59
MinimumVisualStudioVersion = 10.0.40219.1
Project("{2150E333-8FDC-42A3-9474-1A3956D46DE8}") = "src", "src", "{30ABDD06-EF0E-4917-B814-6A39602976F9}"
EndProject
Project("{FAE04EC0-301F-11D3-BF4B-00C04F79EFBC}") = "ChessGUI.App", "src\ChessGUI.App\ChessGUI.App.csproj", "{504A0153-F28E-4B8F-A280-B1FA0E4F3CA7}"
EndProject
Project("{FAE04EC0-301F-11D3-BF4B-00C04F79EFBC}") = "ChessGUI.Core", "src\ChessGUI.Core\ChessGUI.Core.csproj", "{D1021753-E4EF-4CEC-A614-CAFDAEB3C2EF}"
EndProject
Project("{FAE04EC0-301F-11D3-BF4B-00C04F79EFBC}") = "ChessGUI.Data", "src\ChessGUI.Data\ChessGUI.Data.csproj", "{763576A6-8B3B-490B-BEC1-E7DE7EBE139B}"
EndProject
Project("{FAE04EC0-301F-11D3-BF4B-00C04F79EFBC}") = "ChessGUI.Engine", "src\ChessGUI.Engine\ChessGUI.Engine.csproj", "{1DE4038E-B0A1-4AEC-9AA9-BCA9F8197A37}"
EndProject
Project("{FAE04EC0-301F-11D3-BF4B-00C04F79EFBC}") = "ChessGUI.Openings", "src\ChessGUI.Openings\ChessGUI.Openings.csproj", "{17504604-F099-4786-8FDB-B95CC5C55E40}"
EndProject
Project("{2150E333-8FDC-42A3-9474-1A3956D46DE8}") = "tests", "tests", "{040DBA36-9950-4F58-AC65-6BFA16739414}"
EndProject
Project("{FAE04EC0-301F-11D3-BF4B-00C04F79EFBC}") = "ChessGUI.Core.Tests", "tests\ChessGUI.Core.Tests\ChessGUI.Core.Tests.csproj", "{20179A8E-8889-410E-A65C-B7E667C8AA4C}"
EndProject
Project("{FAE04EC0-301F-11D3-BF4B-00C04F79EFBC}") = "ChessGUI.Engine.Tests", "tests\ChessGUI.Engine.Tests\ChessGUI.Engine.Tests.csproj", "{B2BA39C3-AD0B-474B-82AE-9D8F8CF36CAC}"
EndProject
Project("{FAE04EC0-301F-11D3-BF4B-00C04F79EFBC}") = "ChessGUI.Data.Tests", "tests\ChessGUI.Data.Tests\ChessGUI.Data.Tests.csproj", "{60B93293-8E35-4236-B011-B07ABA7B79E4}"
EndProject
Project("{FAE04EC0-301F-11D3-BF4B-00C04F79EFBC}") = "ChessGUI.Openings.Tests", "tests\ChessGUI.Openings.Tests\ChessGUI.Openings.Tests.csproj", "{DDFE6896-1B7A-46E9-A7FF-B3C5B352ADB9}"
EndProject
Global
	GlobalSection(SolutionConfigurationPlatforms) = preSolution
		Debug|Any CPU = Debug|Any CPU
		Release|Any CPU = Release|Any CPU
	EndGlobalSection
	GlobalSection(SolutionProperties) = preSolution
		HideSolutionNode = FALSE
	EndGlobalSection
	GlobalSection(ProjectConfigurationPlatforms) = postSolution
		{504A0153-F28E-4B8F-A280-B1FA0E4F3CA7}.Debug|Any CPU.ActiveCfg = Debug|Any CPU
		{504A0153-F28E-4B8F-A280-B1FA0E4F3CA7}.Debug|Any CPU.Build.0 = Debug|Any CPU
		{504A0153-F28E-4B8F-A280-B1FA0E4F3CA7}.Release|Any CPU.ActiveCfg = Release|Any CPU
		{504A0153-F28E-4B8F-A280-B1FA0E4F3CA7}.Release|Any CPU.Build.0 = Release|Any CPU
		{D1021753-E4EF-4CEC-A614-CAFDAEB3C2EF}.Debug|Any CPU.ActiveCfg = Debug|Any CPU
		{D1021753-E4EF-4CEC-A614-CAFDAEB3C2EF}.Debug|Any CPU.Build.0 = Debug|Any CPU
		{D1021753-E4EF-4CEC-A614-CAFDAEB3C2EF}.Release|Any CPU.ActiveCfg = Release|Any CPU
		{D1021753-E4EF-4CEC-A614-CAFDAEB3C2EF}.Release|Any CPU.Build.0 = Release|Any CPU
		{763576A6-8B3B-490B-BEC1-E7DE7EBE139B}.Debug|Any CPU.ActiveCfg = Debug|Any CPU
		{763576A6-8B3B-490B-BEC1-E7DE7EBE139B}.Debug|Any CPU.Build.0 = Debug|Any CPU
		{763576A6-8B3B-490B-BEC1-E7DE7EBE139B}.Release|Any CPU.ActiveCfg = Release|Any CPU
		{763576A6-8B3B-490B-BEC1-E7DE7EBE139B}.Release|Any CPU.Build.0 = Release|Any CPU
		{1DE4038E-B0A1-4AEC-9AA9-BCA9F8197A37}.Debug|Any CPU.ActiveCfg = Debug|Any CPU
		{1DE4038E-B0A1-4AEC-9AA9-BCA9F8197A37}.Debug|Any CPU.Build.0 = Debug|Any CPU
		{1DE4038E-B0A1-4AEC-9AA9-BCA9F8197A37}.Release|Any CPU.ActiveCfg = Release|Any CPU
		{1DE4038E-B0A1-4AEC-9AA9-BCA9F8197A37}.Release|Any CPU.Build.0 = Release|Any CPU
		{17504604-F099-4786-8FDB-B95CC5C55E40}.Debug|Any CPU.ActiveCfg = Debug|Any CPU
		{17504604-F099-4786-8FDB-B95CC5C55E40}.Debug|Any CPU.Build.0 = Debug|Any CPU
		{17504604-F099-4786-8FDB-B95CC5C55E40}.Release|Any CPU.ActiveCfg = Release|Any CPU
		{17504604-F099-4786-8FDB-B95CC5C55E40}.Release|Any CPU.Build.0 = Release|Any CPU
		{20179A8E-8889-410E-A65C-B7E667C8AA4C}.Debug|Any CPU.ActiveCfg = Debug|Any CPU
		{20179A8E-8889-410E-A65C-B7E667C8AA4C}.Debug|Any CPU.Build.0 = Debug|Any CPU
		{20179A8E-8889-410E-A65C-B7E667C8AA4C}.Release|Any CPU.ActiveCfg = Release|Any CPU
		{20179A8E-8889-410E-A65C-B7E667C8AA4C}.Release|Any CPU.Build.0 = Release|Any CPU
		{B2BA39C3-AD0B-474B-82AE-9D8F8CF36CAC}.Debug|Any CPU.ActiveCfg = Debug|Any CPU
		{B2BA39C3-AD0B-474B-82AE-9D8F8CF36CAC}.Debug|Any CPU.Build.0 = Debug|Any CPU
		{B2BA39C3-AD0B-474B-82AE-9D8F8CF36CAC}.Release|Any CPU.ActiveCfg = Release|Any CPU
		{B2BA39C3-AD0B-474B-82AE-9D8F8CF36CAC}.Release|Any CPU.Build.0 = Release|Any CPU
		{60B93293-8E35-4236-B011-B07ABA7B79E4}.Debug|Any CPU.ActiveCfg = Debug|Any CPU
		{60B93293-8E35-4236-B011-B07ABA7B79E4}.Debug|Any CPU.Build.0 = Debug|Any CPU
		{60B93293-8E35-4236-B011-B07ABA7B79E4}.Release|Any CPU.ActiveCfg = Release|Any CPU
		{60B93293-8E35-4236-B011-B07ABA7B79E4}.Release|Any CPU.Build.0 = Release|Any CPU
		{DDFE6896-1B7A-46E9-A7FF-B3C5B352ADB9}.Debug|Any CPU.ActiveCfg = Debug|Any CPU
		{DDFE6896-1B7A-46E9-A7FF-B3C5B352ADB9}.Debug|Any CPU.Build.0 = Debug|Any CPU
		{DDFE6896-1B7A-46E9-A7FF-B3C5B352ADB9}.Release|Any CPU.ActiveCfg = Release|Any CPU
		{DDFE6896-1B7A-46E9-A7FF-B3C5B352ADB9}.Release|Any CPU.Build.0 = Release|Any CPU
	EndGlobalSection
	GlobalSection(NestedProjects) = preSolution
		{504A0153-F28E-4B8F-A280-B1FA0E4F3CA7} = {30ABDD06-EF0E-4917-B814-6A39602976F9}
		{D1021753-E4EF-4CEC-A614-CAFDAEB3C2EF} = {30ABDD06-EF0E-4917-B814-6A39602976F9}
		{763576A6-8B3B-490B-BEC1-E7DE7EBE139B} = {30ABDD06-EF0E-4917-B814-6A39602976F9}
		{1DE4038E-B0A1-4AEC-9AA9-BCA9F8197A37} = {30ABDD06-EF0E-4917-B814-6A39602976F9}
		{17504604-F099-4786-8FDB-B95CC5C55E40} = {30ABDD06-EF0E-4917-B814-6A39602976F9}
		{20179A8E-8889-410E-A65C-B7E667C8AA4C} = {040DBA36-9950-4F58-AC65-6BFA16739414}
		{B2BA39C3-AD0B-474B-82AE-9D8F8CF36CAC} = {040DBA36-9950-4F58-AC65-6BFA16739414}
		{60B93293-8E35-4236-B011-B07ABA7B79E4} = {040DBA36-9950-4F58-AC65-6BFA16739414}
		{DDFE6896-1B7A-46E9-A7FF-B3C5B352ADB9} = {040DBA36-9950-4F58-AC65-6BFA16739414}
	EndGlobalSection
EndGlobal
